
Microsoft Visual Studio Solution File, Format Version 12.00
# Visual Studio Version 17
VisualStudioVersion = 17.10.34916.146
MinimumVisualStudioVersion = 10.0.40219.1
Project("{9A19103F-16F7-4668-BE54-9A1E7A4F7556}") = "CSVParse", "CSVParse\CSVParse.csproj", "{E1964C83-E8FD-4127-9805-91DC4C4A146C}"
EndProject
Project("{9A19103F-16F7-4668-BE54-9A1E7A4F7556}") = "CSVParse.Benchmarks", "CSVParse.Benchmarks\CSVParse.Benchmarks.csproj", "{ADCB4A56-7778-45B5-BF8C-642C020AFC02}"
EndProject
Project("{9A19103F-16F7-4668-BE54-9A1E7A4F7556}") = "CSVParse.Test", "CSVParse.Test\CSVParse.Test.csproj", "{4D33B5F9-264C-490B-9305-3E598D592270}"
EndProject
Project("{9A19103F-16F7-4668-BE54-9A1E7A4F7556}") = "LineReadingTests", "LineReadingTests\LineReadingTests.csproj", "{4A7F1F98-12C0-4641-A999-294EC68249BC}"
EndProject
Project("{2150E333-8FDC-42A3-9474-1A3956D46DE8}") = "Solution Items", "Solution Items", "{F3E97F43-2332-4F34-80AB-F432A3C444C7}"
	ProjectSection(SolutionItems) = preProject
		.gitattributes = .gitattributes
		.gitignore = .gitignore
		LICENSE.txt = LICENSE.txt
		README.md = README.md
	EndProjectSection
EndProject
Global
	GlobalSection(SolutionConfigurationPlatforms) = preSolution
		Debug|Any CPU = Debug|Any CPU
		Release|Any CPU = Release|Any CPU
	EndGlobalSection
	GlobalSection(ProjectConfigurationPlatforms) = postSolution
		{E1964C83-E8FD-4127-9805-91DC4C4A146C}.Debug|Any CPU.ActiveCfg = Debug|Any CPU
		{E1964C83-E8FD-4127-9805-91DC4C4A146C}.Debug|Any CPU.Build.0 = Debug|Any CPU
		{E1964C83-E8FD-4127-9805-91DC4C4A146C}.Release|Any CPU.ActiveCfg = Release|Any CPU
		{E1964C83-E8FD-4127-9805-91DC4C4A146C}.Release|Any CPU.Build.0 = Release|Any CPU
		{ADCB4A56-7778-45B5-BF8C-642C020AFC02}.Debug|Any CPU.ActiveCfg = Debug|Any CPU
		{ADCB4A56-7778-45B5-BF8C-642C020AFC02}.Debug|Any CPU.Build.0 = Debug|Any CPU
		{ADCB4A56-7778-45B5-BF8C-642C020AFC02}.Release|Any CPU.ActiveCfg = Release|Any CPU
		{ADCB4A56-7778-45B5-BF8C-642C020AFC02}.Release|Any CPU.Build.0 = Release|Any CPU
		{4D33B5F9-264C-490B-9305-3E598D592270}.Debug|Any CPU.ActiveCfg = Debug|Any CPU
		{4D33B5F9-264C-490B-9305-3E598D592270}.Debug|Any CPU.Build.0 = Debug|Any CPU
		{4D33B5F9-264C-490B-9305-3E598D592270}.Release|Any CPU.ActiveCfg = Release|Any CPU
		{4D33B5F9-264C-490B-9305-3E598D592270}.Release|Any CPU.Build.0 = Release|Any CPU
		{4A7F1F98-12C0-4641-A999-294EC68249BC}.Debug|Any CPU.ActiveCfg = Debug|Any CPU
		{4A7F1F98-12C0-4641-A999-294EC68249BC}.Debug|Any CPU.Build.0 = Debug|Any CPU
		{4A7F1F98-12C0-4641-A999-294EC68249BC}.Release|Any CPU.ActiveCfg = Release|Any CPU
		{4A7F1F98-12C0-4641-A999-294EC68249BC}.Release|Any CPU.Build.0 = Release|Any CPU
	EndGlobalSection
	GlobalSection(SolutionProperties) = preSolution
		HideSolutionNode = FALSE
	EndGlobalSection
	GlobalSection(ExtensibilityGlobals) = postSolution
		SolutionGuid = {DBB3525A-A3C8-40FE-BBA0-0AAFF25CDD8F}
	EndGlobalSection
EndGlobal
